
Microsoft Visual Studio Solution File, Format Version 12.00
# Visual Studio Version 16
VisualStudioVersion = 16.0.31702.278
MinimumVisualStudioVersion = 10.0.40219.1
Project("{9A19103F-16F7-4668-BE54-9A1E7A4F7556}") = "Banking", "Banking\Banking.csproj", "{994BE05B-D23D-424D-8970-57E05D02C437}"
EndProject
Project("{FAE04EC0-301F-11D3-BF4B-00C04F79EFBC}") = "BankingTests", "BankingTests\BankingTests.csproj", "{6ED2EAC6-5DC7-40A2-B959-85D79A771FFE}"
EndProject
Global
	GlobalSection(SolutionConfigurationPlatforms) = preSolution
		Debug|Any CPU = Debug|Any CPU
		Release|Any CPU = Release|Any CPU
	EndGlobalSection
	GlobalSection(ProjectConfigurationPlatforms) = postSolution
		{994BE05B-D23D-424D-8970-57E05D02C437}.Debug|Any CPU.ActiveCfg = Debug|Any CPU
		{994BE05B-D23D-424D-8970-57E05D02C437}.Debug|Any CPU.Build.0 = Debug|Any CPU
		{994BE05B-D23D-424D-8970-57E05D02C437}.Release|Any CPU.ActiveCfg = Release|Any CPU
		{994BE05B-D23D-424D-8970-57E05D02C437}.Release|Any CPU.Build.0 = Release|Any CPU
		{6ED2EAC6-5DC7-40A2-B959-85D79A771FFE}.Debug|Any CPU.ActiveCfg = Debug|Any CPU
		{6ED2EAC6-5DC7-40A2-B959-85D79A771FFE}.Debug|Any CPU.Build.0 = Debug|Any CPU
		{6ED2EAC6-5DC7-40A2-B959-85D79A771FFE}.Release|Any CPU.ActiveCfg = Release|Any CPU
		{6ED2EAC6-5DC7-40A2-B959-85D79A771FFE}.Release|Any CPU.Build.0 = Release|Any CPU
	EndGlobalSection
	GlobalSection(SolutionProperties) = preSolution
		HideSolutionNode = FALSE
	EndGlobalSection
	GlobalSection(ExtensibilityGlobals) = postSolution
		SolutionGuid = {B35CDB56-D374-4D41-972E-7CB89B621371}
	EndGlobalSection
EndGlobal
